
Microsoft Visual Studio Solution File, Format Version 12.00
# Visual Studio 15
Project("{FAE04EC0-301F-11D3-BF4B-00C04F79EFBC}") = "Fight_Animal_TestScenesTK", "Fight_Animal_TestScenesTK.csproj", "{6410F68B-328F-ACA6-B51D-6CAB83D859E2}"
EndProject
Global
	GlobalSection(SolutionConfigurationPlatforms) = preSolution
		Debug|Any CPU = Debug|Any CPU
		Release|Any CPU = Release|Any CPU
	EndGlobalSection
	GlobalSection(ProjectConfigurationPlatforms) = postSolution
		{6410F68B-328F-ACA6-B51D-6CAB83D859E2}.Debug|Any CPU.ActiveCfg = Debug|Any CPU
		{6410F68B-328F-ACA6-B51D-6CAB83D859E2}.Debug|Any CPU.Build.0 = Debug|Any CPU
		{6410F68B-328F-ACA6-B51D-6CAB83D859E2}.Release|Any CPU.ActiveCfg = Release|Any CPU
		{6410F68B-328F-ACA6-B51D-6CAB83D859E2}.Release|Any CPU.Build.0 = Release|Any CPU
	EndGlobalSection
	GlobalSection(SolutionProperties) = preSolution
		HideSolutionNode = FALSE
	EndGlobalSection
EndGlobal
